# Generated by buf. DO NOT EDIT.
version: v2
deps:
  - name: buf.build/googleapis/googleapis
    commit: acd896313c55464b993332136ded1b6e
    digest: b5:025d83e25193feb8dac5e5576113c8737006218b3b09fbc0d0ff652614da5424b336edb15bea139eb90d14eba656774a979d1fbdae81cbab2013932b84b98f53
  - name: buf.build/grpc-ecosystem/grpc-gateway
    commit: a48fcebcf8f140dd9d09359b9bb185a4
    digest: b5:330af8a71b579ab96c4f3ee26929d1a68a5a9e986c7cfe0a898591fc514216bb6e723dc04c74d90fdee3f3f14f9100a54b4f079eb273e6e7213f0d5baca36ff8
